// !$*UTF8*$!
{
	archiveVersion = 1;
	classes = {
	};
	objectVersion = 56;
	objects = {

/* Begin PBXBuildFile section */
		30267C3D2A5AD61800223D42 /* HabitTrackerApp.swift in Sources */ = {isa = PBXBuildFile; fileRef = 30267C3C2A5AD61800223D42 /* HabitTrackerApp.swift */; };
		30267C3F2A5AD61800223D42 /* ContentView.swift in Sources */ = {isa = PBXBuildFile; fileRef = 30267C3E2A5AD61800223D42 /* ContentView.swift */; };
		30267C412A5AD61900223D42 /* Assets.xcassets in Resources */ = {isa = PBXBuildFile; fileRef = 30267C402A5AD61900223D42 /* Assets.xcassets */; };
		30267C442A5AD61900223D42 /* Preview Assets.xcassets in Resources */ = {isa = PBXBuildFile; fileRef = 30267C432A5AD61900223D42 /* Preview Assets.xcassets */; };
		30267C4B2A5AD64B00223D42 /* Activity.swift in Sources */ = {isa = PBXBuildFile; fileRef = 30267C4A2A5AD64B00223D42 /* Activity.swift */; };
		30267C4D2A5AD6E100223D42 /* Activities.swift in Sources */ = {isa = PBXBuildFile; fileRef = 30267C4C2A5AD6E100223D42 /* Activities.swift */; };
		30267C4F2A5AEC6500223D42 /* AddActivity.swift in Sources */ = {isa = PBXBuildFile; fileRef = 30267C4E2A5AEC6500223D42 /* AddActivity.swift */; };
		30267C512A5AFD8400223D42 /* DetailView.swift in Sources */ = {isa = PBXBuildFile; fileRef = 30267C502A5AFD8400223D42 /* DetailView.swift */; };
		30B9F6882A5B2A7B007EF8C3 /* Blur.swift in Sources */ = {isa = PBXBuildFile; fileRef = 30B9F6872A5B2A7B007EF8C3 /* Blur.swift */; };
		30B9F68B2A5B2C7E007EF8C3 /* Liquid in Frameworks */ = {isa = PBXBuildFile; productRef = 30B9F68A2A5B2C7E007EF8C3 /* Liquid */; };
		30B9F68D2A5B3440007EF8C3 /* Backround.swift in Sources */ = {isa = PBXBuildFile; fileRef = 30B9F68C2A5B3440007EF8C3 /* Backround.swift */; };
/* End PBXBuildFile section */

/* Begin PBXFileReference section */
		30267C392A5AD61800223D42 /* Habit Tracker.app */ = {isa = PBXFileReference; explicitFileType = wrapper.application; includeInIndex = 0; path = "Habit Tracker.app"; sourceTree = BUILT_PRODUCTS_DIR; };
		30267C3C2A5AD61800223D42 /* HabitTrackerApp.swift */ = {isa = PBXFileReference; lastKnownFileType = sourcecode.swift; path = HabitTrackerApp.swift; sourceTree = "<group>"; };
		30267C3E2A5AD61800223D42 /* ContentView.swift */ = {isa = PBXFileReference; lastKnownFileType = sourcecode.swift; path = ContentView.swift; sourceTree = "<group>"; };
		30267C402A5AD61900223D42 /* Assets.xcassets */ = {isa = PBXFileReference; lastKnownFileType = folder.assetcatalog; path = Assets.xcassets; sourceTree = "<group>"; };
		30267C432A5AD61900223D42 /* Preview Assets.xcassets */ = {isa = PBXFileReference; lastKnownFileType = folder.assetcatalog; path = "Preview Assets.xcassets"; sourceTree = "<group>"; };
		30267C4A2A5AD64B00223D42 /* Activity.swift */ = {isa = PBXFileReference; lastKnownFileType = sourcecode.swift; path = Activity.swift; sourceTree = "<group>"; };
		30267C4C2A5AD6E100223D42 /* Activities.swift */ = {isa = PBXFileReference; lastKnownFileType = sourcecode.swift; path = Activities.swift; sourceTree = "<group>"; };
		30267C4E2A5AEC6500223D42 /* AddActivity.swift */ = {isa = PBXFileReference; lastKnownFileType = sourcecode.swift; path = AddActivity.swift; sourceTree = "<group>"; };
		30267C502A5AFD8400223D42 /* DetailView.swift */ = {isa = PBXFileReference; lastKnownFileType = sourcecode.swift; path = DetailView.swift; sourceTree = "<group>"; };
		30B9F6872A5B2A7B007EF8C3 /* Blur.swift */ = {isa = PBXFileReference; lastKnownFileType = sourcecode.swift; path = Blur.swift; sourceTree = "<group>"; };
		30B9F68C2A5B3440007EF8C3 /* Backround.swift */ = {isa = PBXFileReference; lastKnownFileType = sourcecode.swift; path = Backround.swift; sourceTree = "<group>"; };
/* End PBXFileReference section */

/* Begin PBXFrameworksBuildPhase section */
		30267C362A5AD61800223D42 /* Frameworks */ = {
			isa = PBXFrameworksBuildPhase;
			buildActionMask = 2147483647;
			files = (
				30B9F68B2A5B2C7E007EF8C3 /* Liquid in Frameworks */,
			);
			runOnlyForDeploymentPostprocessing = 0;
		};
/* End PBXFrameworksBuildPhase section */

/* Begin PBXGroup section */
		30267C302A5AD61800223D42 = {
			isa = PBXGroup;
			children = (
				30267C3B2A5AD61800223D42 /* Habit Tracker */,
				30267C3A2A5AD61800223D42 /* Products */,
			);
			sourceTree = "<group>";
		};
		30267C3A2A5AD61800223D42 /* Products */ = {
			isa = PBXGroup;
			children = (
				30267C392A5AD61800223D42 /* Habit Tracker.app */,
			);
			name = Products;
			sourceTree = "<group>";
		};
		30267C3B2A5AD61800223D42 /* Habit Tracker */ = {
			isa = PBXGroup;
			children = (
				30267C3C2A5AD61800223D42 /* HabitTrackerApp.swift */,
				30267C3E2A5AD61800223D42 /* ContentView.swift */,
				30267C502A5AFD8400223D42 /* DetailView.swift */,
				30267C4E2A5AEC6500223D42 /* AddActivity.swift */,
				30267C4A2A5AD64B00223D42 /* Activity.swift */,
				30267C4C2A5AD6E100223D42 /* Activities.swift */,
				30B9F6872A5B2A7B007EF8C3 /* Blur.swift */,
				30B9F68C2A5B3440007EF8C3 /* Backround.swift */,
				30267C402A5AD61900223D42 /* Assets.xcassets */,
				30267C422A5AD61900223D42 /* Preview Content */,
			);
			path = "Habit Tracker";
			sourceTree = "<group>";
		};
		30267C422A5AD61900223D42 /* Preview Content */ = {
			isa = PBXGroup;
			children = (
				30267C432A5AD61900223D42 /* Preview Assets.xcassets */,
			);
			path = "Preview Content";
			sourceTree = "<group>";
		};
/* End PBXGroup section */

/* Begin PBXNativeTarget section */
		30267C382A5AD61800223D42 /* Habit Tracker */ = {
			isa = PBXNativeTarget;
			buildConfigurationList = 30267C472A5AD61900223D42 /* Build configuration list for PBXNativeTarget "Habit Tracker" */;
			buildPhases = (
				30267C522A5B1D1500223D42 /* lint */,
				30267C352A5AD61800223D42 /* Sources */,
				30267C362A5AD61800223D42 /* Frameworks */,
				30267C372A5AD61800223D42 /* Resources */,
			);
			buildRules = (
			);
			dependencies = (
			);
			name = "Habit Tracker";
			packageProductDependencies = (
				30B9F68A2A5B2C7E007EF8C3 /* Liquid */,
			);
			productName = "Habbit Tracker";
			productReference = 30267C392A5AD61800223D42 /* Habit Tracker.app */;
			productType = "com.apple.product-type.application";
		};
/* End PBXNativeTarget section */

/* Begin PBXProject section */
		30267C312A5AD61800223D42 /* Project object */ = {
			isa = PBXProject;
			attributes = {
				BuildIndependentTargetsInParallel = 1;
				LastSwiftUpdateCheck = 1430;
				LastUpgradeCheck = 1430;
				TargetAttributes = {
					30267C382A5AD61800223D42 = {
						CreatedOnToolsVersion = 14.3.1;
					};
				};
			};
			buildConfigurationList = 30267C342A5AD61800223D42 /* Build configuration list for PBXProject "Habit Tracker" */;
			compatibilityVersion = "Xcode 14.0";
			developmentRegion = en;
			hasScannedForEncodings = 0;
			knownRegions = (
				en,
				Base,
			);
			mainGroup = 30267C302A5AD61800223D42;
			packageReferences = (
				30B9F6892A5B2C7E007EF8C3 /* XCRemoteSwiftPackageReference "liquid" */,
			);
			productRefGroup = 30267C3A2A5AD61800223D42 /* Products */;
			projectDirPath = "";
			projectRoot = "";
			targets = (
				30267C382A5AD61800223D42 /* Habit Tracker */,
			);
		};
/* End PBXProject section */

/* Begin PBXResourcesBuildPhase section */
		30267C372A5AD61800223D42 /* Resources */ = {
			isa = PBXResourcesBuildPhase;
			buildActionMask = 2147483647;
			files = (
				30267C442A5AD61900223D42 /* Preview Assets.xcassets in Resources */,
				30267C412A5AD61900223D42 /* Assets.xcassets in Resources */,
			);
			runOnlyForDeploymentPostprocessing = 0;
		};
/* End PBXResourcesBuildPhase section */

/* Begin PBXShellScriptBuildPhase section */
		30267C522A5B1D1500223D42 /* lint */ = {
			isa = PBXShellScriptBuildPhase;
			buildActionMask = 2147483647;
			files = (
			);
			inputFileListPaths = (
			);
			inputPaths = (
			);
			name = lint;
			outputFileListPaths = (
			);
			outputPaths = (
			);
			runOnlyForDeploymentPostprocessing = 0;
			shellPath = /bin/sh;
			shellScript = "# Type a script or drag a script file from your workspace to insert its path.\nif [[ \"$(uname -m)\" == arm64 ]]; then\n    export PATH=\"/opt/homebrew/bin:$PATH\"\nfi\n\nif which swiftlint > /dev/null; then\n  swiftlint --fix && swiftlint\nelse\n  echo \"warning: SwiftLint not installed, download from https://github.com/realm/SwiftLint\"\nfi\n";
		};
/* End PBXShellScriptBuildPhase section */

/* Begin PBXSourcesBuildPhase section */
		30267C352A5AD61800223D42 /* Sources */ = {
			isa = PBXSourcesBuildPhase;
			buildActionMask = 2147483647;
			files = (
				30267C4D2A5AD6E100223D42 /* Activities.swift in Sources */,
				30267C512A5AFD8400223D42 /* DetailView.swift in Sources */,
				30267C4B2A5AD64B00223D42 /* Activity.swift in Sources */,
				30B9F68D2A5B3440007EF8C3 /* Backround.swift in Sources */,
				30267C4F2A5AEC6500223D42 /* AddActivity.swift in Sources */,
				30B9F6882A5B2A7B007EF8C3 /* Blur.swift in Sources */,
				30267C3F2A5AD61800223D42 /* ContentView.swift in Sources */,
				30267C3D2A5AD61800223D42 /* HabitTrackerApp.swift in Sources */,
			);
			runOnlyForDeploymentPostprocessing = 0;
		};
/* End PBXSourcesBuildPhase section */

/* Begin XCBuildConfiguration section */
		30267C452A5AD61900223D42 /* Debug */ = {
			isa = XCBuildConfiguration;
			buildSettings = {
				ALWAYS_SEARCH_USER_PATHS = NO;
				CLANG_ANALYZER_NONNULL = YES;
				CLANG_ANALYZER_NUMBER_OBJECT_CONVERSION = YES_AGGRESSIVE;
				CLANG_CXX_LANGUAGE_STANDARD = "gnu++20";
				CLANG_ENABLE_MODULES = YES;
				CLANG_ENABLE_OBJC_ARC = YES;
				CLANG_ENABLE_OBJC_WEAK = YES;
				CLANG_WARN_BLOCK_CAPTURE_AUTORELEASING = YES;
				CLANG_WARN_BOOL_CONVERSION = YES;
				CLANG_WARN_COMMA = YES;
				CLANG_WARN_CONSTANT_CONVERSION = YES;
				CLANG_WARN_DEPRECATED_OBJC_IMPLEMENTATIONS = YES;
				CLANG_WARN_DIRECT_OBJC_ISA_USAGE = YES_ERROR;
				CLANG_WARN_DOCUMENTATION_COMMENTS = YES;
				CLANG_WARN_EMPTY_BODY = YES;
				CLANG_WARN_ENUM_CONVERSION = YES;
				CLANG_WARN_INFINITE_RECURSION = YES;
				CLANG_WARN_INT_CONVERSION = YES;
				CLANG_WARN_NON_LITERAL_NULL_CONVERSION = YES;
				CLANG_WARN_OBJC_IMPLICIT_RETAIN_SELF = YES;
				CLANG_WARN_OBJC_LITERAL_CONVERSION = YES;
				CLANG_WARN_OBJC_ROOT_CLASS = YES_ERROR;
				CLANG_WARN_QUOTED_INCLUDE_IN_FRAMEWORK_HEADER = YES;
				CLANG_WARN_RANGE_LOOP_ANALYSIS = YES;
				CLANG_WARN_STRICT_PROTOTYPES = YES;
				CLANG_WARN_SUSPICIOUS_MOVE = YES;
				CLANG_WARN_UNGUARDED_AVAILABILITY = YES_AGGRESSIVE;
				CLANG_WARN_UNREACHABLE_CODE = YES;
				CLANG_WARN__DUPLICATE_METHOD_MATCH = YES;
				COPY_PHASE_STRIP = NO;
				DEBUG_INFORMATION_FORMAT = dwarf;
				ENABLE_STRICT_OBJC_MSGSEND = YES;
				ENABLE_TESTABILITY = YES;
				GCC_C_LANGUAGE_STANDARD = gnu11;
				GCC_DYNAMIC_NO_PIC = NO;
				GCC_NO_COMMON_BLOCKS = YES;
				GCC_OPTIMIZATION_LEVEL = 0;
				GCC_PREPROCESSOR_DEFINITIONS = (
					"DEBUG=1",
					"$(inherited)",
				);
				GCC_WARN_64_TO_32_BIT_CONVERSION = YES;
				GCC_WARN_ABOUT_RETURN_TYPE = YES_ERROR;
				GCC_WARN_UNDECLARED_SELECTOR = YES;
				GCC_WARN_UNINITIALIZED_AUTOS = YES_AGGRESSIVE;
				GCC_WARN_UNUSED_FUNCTION = YES;
				GCC_WARN_UNUSED_VARIABLE = YES;
				IPHONEOS_DEPLOYMENT_TARGET = 16.4;
				MTL_ENABLE_DEBUG_INFO = INCLUDE_SOURCE;
				MTL_FAST_MATH = YES;
				ONLY_ACTIVE_ARCH = YES;
				SDKROOT = iphoneos;
				SWIFT_ACTIVE_COMPILATION_CONDITIONS = DEBUG;
				SWIFT_OPTIMIZATION_LEVEL = "-Onone";
			};
			name = Debug;
		};
		30267C462A5AD61900223D42 /* Release */ = {
			isa = XCBuildConfiguration;
			buildSettings = {
				ALWAYS_SEARCH_USER_PATHS = NO;
				CLANG_ANALYZER_NONNULL = YES;
				CLANG_ANALYZER_NUMBER_OBJECT_CONVERSION = YES_AGGRESSIVE;
				CLANG_CXX_LANGUAGE_STANDARD = "gnu++20";
				CLANG_ENABLE_MODULES = YES;
				CLANG_ENABLE_OBJC_ARC = YES;
				CLANG_ENABLE_OBJC_WEAK = YES;
				CLANG_WARN_BLOCK_CAPTURE_AUTORELEASING = YES;
				CLANG_WARN_BOOL_CONVERSION = YES;
				CLANG_WARN_COMMA = YES;
				CLANG_WARN_CONSTANT_CONVERSION = YES;
				CLANG_WARN_DEPRECATED_OBJC_IMPLEMENTATIONS = YES;
				CLANG_WARN_DIRECT_OBJC_ISA_USAGE = YES_ERROR;
				CLANG_WARN_DOCUMENTATION_COMMENTS = YES;
				CLANG_WARN_EMPTY_BODY = YES;
				CLANG_WARN_ENUM_CONVERSION = YES;
				CLANG_WARN_INFINITE_RECURSION = YES;
				CLANG_WARN_INT_CONVERSION = YES;
				CLANG_WARN_NON_LITERAL_NULL_CONVERSION = YES;
				CLANG_WARN_OBJC_IMPLICIT_RETAIN_SELF = YES;
				CLANG_WARN_OBJC_LITERAL_CONVERSION = YES;
				CLANG_WARN_OBJC_ROOT_CLASS = YES_ERROR;
				CLANG_WARN_QUOTED_INCLUDE_IN_FRAMEWORK_HEADER = YES;
				CLANG_WARN_RANGE_LOOP_ANALYSIS = YES;
				CLANG_WARN_STRICT_PROTOTYPES = YES;
				CLANG_WARN_SUSPICIOUS_MOVE = YES;
				CLANG_WARN_UNGUARDED_AVAILABILITY = YES_AGGRESSIVE;
				CLANG_WARN_UNREACHABLE_CODE = YES;
				CLANG_WARN__DUPLICATE_METHOD_MATCH = YES;
				COPY_PHASE_STRIP = NO;
				DEBUG_INFORMATION_FORMAT = "dwarf-with-dsym";
				ENABLE_NS_ASSERTIONS = NO;
				ENABLE_STRICT_OBJC_MSGSEND = YES;
				GCC_C_LANGUAGE_STANDARD = gnu11;
				GCC_NO_COMMON_BLOCKS = YES;
				GCC_WARN_64_TO_32_BIT_CONVERSION = YES;
				GCC_WARN_ABOUT_RETURN_TYPE = YES_ERROR;
				GCC_WARN_UNDECLARED_SELECTOR = YES;
				GCC_WARN_UNINITIALIZED_AUTOS = YES_AGGRESSIVE;
				GCC_WARN_UNUSED_FUNCTION = YES;
				GCC_WARN_UNUSED_VARIABLE = YES;
				IPHONEOS_DEPLOYMENT_TARGET = 16.4;
				MTL_ENABLE_DEBUG_INFO = NO;
				MTL_FAST_MATH = YES;
				SDKROOT = iphoneos;
				SWIFT_COMPILATION_MODE = wholemodule;
				SWIFT_OPTIMIZATION_LEVEL = "-O";
				VALIDATE_PRODUCT = YES;
			};
			name = Release;
		};
		30267C482A5AD61900223D42 /* Debug */ = {
			isa = XCBuildConfiguration;
			buildSettings = {
				ASSETCATALOG_COMPILER_APPICON_NAME = AppIcon;
				ASSETCATALOG_COMPILER_GLOBAL_ACCENT_COLOR_NAME = AccentColor;
				CODE_SIGN_STYLE = Automatic;
				CURRENT_PROJECT_VERSION = 1;
				DEVELOPMENT_ASSET_PATHS = "\"Habit Tracker/Preview Content\"";
				DEVELOPMENT_TEAM = RNQNWA79SV;
				ENABLE_PREVIEWS = YES;
				GENERATE_INFOPLIST_FILE = YES;
				INFOPLIST_KEY_UIApplicationSceneManifest_Generation = YES;
				INFOPLIST_KEY_UIApplicationSupportsIndirectInputEvents = YES;
				INFOPLIST_KEY_UILaunchScreen_Generation = YES;
				INFOPLIST_KEY_UISupportedInterfaceOrientations_iPad = "UIInterfaceOrientationPortrait UIInterfaceOrientationPortraitUpsideDown UIInterfaceOrientationLandscapeLeft UIInterfaceOrientationLandscapeRight";
				INFOPLIST_KEY_UISupportedInterfaceOrientations_iPhone = "UIInterfaceOrientationPortrait UIInterfaceOrientationLandscapeLeft UIInterfaceOrientationLandscapeRight";
				LD_RUNPATH_SEARCH_PATHS = (
					"$(inherited)",
					"@executable_path/Frameworks",
				);
				MARKETING_VERSION = 1.0;
				PRODUCT_BUNDLE_IDENTIFIER = "com.kaffka.Habbit-Tracker";
				PRODUCT_NAME = "$(TARGET_NAME)";
				SWIFT_EMIT_LOC_STRINGS = YES;
				SWIFT_VERSION = 5.0;
				TARGETED_DEVICE_FAMILY = "1,2";
			};
			name = Debug;
		};
		30267C492A5AD61900223D42 /* Release */ = {
			isa = XCBuildConfiguration;
			buildSettings = {
				ASSETCATALOG_COMPILER_APPICON_NAME = AppIcon;
				ASSETCATALOG_COMPILER_GLOBAL_ACCENT_COLOR_NAME = AccentColor;
				CODE_SIGN_STYLE = Automatic;
				CURRENT_PROJECT_VERSION = 1;
				DEVELOPMENT_ASSET_PATHS = "\"Habit Tracker/Preview Content\"";
				DEVELOPMENT_TEAM = RNQNWA79SV;
				ENABLE_PREVIEWS = YES;
				GENERATE_INFOPLIST_FILE = YES;
				INFOPLIST_KEY_UIApplicationSceneManifest_Generation = YES;
				INFOPLIST_KEY_UIApplicationSupportsIndirectInputEvents = YES;
				INFOPLIST_KEY_UILaunchScreen_Generation = YES;
				INFOPLIST_KEY_UISupportedInterfaceOrientations_iPad = "UIInterfaceOrientationPortrait UIInterfaceOrientationPortraitUpsideDown UIInterfaceOrientationLandscapeLeft UIInterfaceOrientationLandscapeRight";
				INFOPLIST_KEY_UISupportedInterfaceOrientations_iPhone = "UIInterfaceOrientationPortrait UIInterfaceOrientationLandscapeLeft UIInterfaceOrientationLandscapeRight";
				LD_RUNPATH_SEARCH_PATHS = (
					"$(inherited)",
					"@executable_path/Frameworks",
				);
				MARKETING_VERSION = 1.0;
				PRODUCT_BUNDLE_IDENTIFIER = "com.kaffka.Habbit-Tracker";
				PRODUCT_NAME = "$(TARGET_NAME)";
				SWIFT_EMIT_LOC_STRINGS = YES;
				SWIFT_VERSION = 5.0;
				TARGETED_DEVICE_FAMILY = "1,2";
			};
			name = Release;
		};
/* End XCBuildConfiguration section */

/* Begin XCConfigurationList section */
		30267C342A5AD61800223D42 /* Build configuration list for PBXProject "Habit Tracker" */ = {
			isa = XCConfigurationList;
			buildConfigurations = (
				30267C452A5AD61900223D42 /* Debug */,
				30267C462A5AD61900223D42 /* Release */,
			);
			defaultConfigurationIsVisible = 0;
			defaultConfigurationName = Release;
		};
		30267C472A5AD61900223D42 /* Build configuration list for PBXNativeTarget "Habit Tracker" */ = {
			isa = XCConfigurationList;
			buildConfigurations = (
				30267C482A5AD61900223D42 /* Debug */,
				30267C492A5AD61900223D42 /* Release */,
			);
			defaultConfigurationIsVisible = 0;
			defaultConfigurationName = Release;
		};
/* End XCConfigurationList section */

/* Begin XCRemoteSwiftPackageReference section */
		30B9F6892A5B2C7E007EF8C3 /* XCRemoteSwiftPackageReference "liquid" */ = {
			isa = XCRemoteSwiftPackageReference;
			repositoryURL = "https://github.com/maustinstar/liquid";
			requirement = {
				branch = master;
				kind = branch;
			};
		};
/* End XCRemoteSwiftPackageReference section */

/* Begin XCSwiftPackageProductDependency section */
		30B9F68A2A5B2C7E007EF8C3 /* Liquid */ = {
			isa = XCSwiftPackageProductDependency;
			package = 30B9F6892A5B2C7E007EF8C3 /* XCRemoteSwiftPackageReference "liquid" */;
			productName = Liquid;
		};
/* End XCSwiftPackageProductDependency section */
	};
	rootObject = 30267C312A5AD61800223D42 /* Project object */;
}
