// !$*UTF8*$!
{
	archiveVersion = 1;
	classes = {
	};
	objectVersion = 56;
	objects = {

/* Begin PBXBuildFile section */
		306637B02A82BD48006D13CA /* FriendsApp.swift in Sources */ = {isa = PBXBuildFile; fileRef = 306637AF2A82BD48006D13CA /* FriendsApp.swift */; };
		306637B22A82BD48006D13CA /* UsersListView.swift in Sources */ = {isa = PBXBuildFile; fileRef = 306637B12A82BD48006D13CA /* UsersListView.swift */; };
		306637B42A82BD4A006D13CA /* Assets.xcassets in Resources */ = {isa = PBXBuildFile; fileRef = 306637B32A82BD4A006D13CA /* Assets.xcassets */; };
		306637B72A82BD4A006D13CA /* Preview Assets.xcassets in Resources */ = {isa = PBXBuildFile; fileRef = 306637B62A82BD4A006D13CA /* Preview Assets.xcassets */; };
		306637BE2A82BD7E006D13CA /* User.swift in Sources */ = {isa = PBXBuildFile; fileRef = 306637BD2A82BD7E006D13CA /* User.swift */; };
		306637C02A82BE7A006D13CA /* Friend.swift in Sources */ = {isa = PBXBuildFile; fileRef = 306637BF2A82BE7A006D13CA /* Friend.swift */; };
		306637C22A82BF42006D13CA /* UserListViewModel.swift in Sources */ = {isa = PBXBuildFile; fileRef = 306637C12A82BF42006D13CA /* UserListViewModel.swift */; };
		306637C42A82C73B006D13CA /* DetailView.swift in Sources */ = {isa = PBXBuildFile; fileRef = 306637C32A82C73B006D13CA /* DetailView.swift */; };
		306637C62A83B47C006D13CA /* PersistenceController.swift in Sources */ = {isa = PBXBuildFile; fileRef = 306637C52A83B47C006D13CA /* PersistenceController.swift */; };
		306637C92A83BE29006D13CA /* FriendsModel.xcdatamodeld in Sources */ = {isa = PBXBuildFile; fileRef = 306637C72A83BE29006D13CA /* FriendsModel.xcdatamodeld */; };
		306637D62A83C11F006D13CA /* FriendCached+CoreDataClass.swift in Sources */ = {isa = PBXBuildFile; fileRef = 306637D22A83C11F006D13CA /* FriendCached+CoreDataClass.swift */; };
		306637D72A83C11F006D13CA /* FriendCached+CoreDataProperties.swift in Sources */ = {isa = PBXBuildFile; fileRef = 306637D32A83C11F006D13CA /* FriendCached+CoreDataProperties.swift */; };
		306637D82A83C11F006D13CA /* UserCached+CoreDataClass.swift in Sources */ = {isa = PBXBuildFile; fileRef = 306637D42A83C11F006D13CA /* UserCached+CoreDataClass.swift */; };
		306637D92A83C11F006D13CA /* UserCached+CoreDataProperties.swift in Sources */ = {isa = PBXBuildFile; fileRef = 306637D52A83C11F006D13CA /* UserCached+CoreDataProperties.swift */; };
		306637DB2A83D27C006D13CA /* DatabaseManager.swift in Sources */ = {isa = PBXBuildFile; fileRef = 306637DA2A83D27C006D13CA /* DatabaseManager.swift */; };
/* End PBXBuildFile section */

/* Begin PBXFileReference section */
		306637AC2A82BD48006D13CA /* Friends.app */ = {isa = PBXFileReference; explicitFileType = wrapper.application; includeInIndex = 0; path = Friends.app; sourceTree = BUILT_PRODUCTS_DIR; };
		306637AF2A82BD48006D13CA /* FriendsApp.swift */ = {isa = PBXFileReference; lastKnownFileType = sourcecode.swift; path = FriendsApp.swift; sourceTree = "<group>"; };
		306637B12A82BD48006D13CA /* UsersListView.swift */ = {isa = PBXFileReference; lastKnownFileType = sourcecode.swift; path = UsersListView.swift; sourceTree = "<group>"; };
		306637B32A82BD4A006D13CA /* Assets.xcassets */ = {isa = PBXFileReference; lastKnownFileType = folder.assetcatalog; path = Assets.xcassets; sourceTree = "<group>"; };
		306637B62A82BD4A006D13CA /* Preview Assets.xcassets */ = {isa = PBXFileReference; lastKnownFileType = folder.assetcatalog; path = "Preview Assets.xcassets"; sourceTree = "<group>"; };
		306637BD2A82BD7E006D13CA /* User.swift */ = {isa = PBXFileReference; lastKnownFileType = sourcecode.swift; path = User.swift; sourceTree = "<group>"; };
		306637BF2A82BE7A006D13CA /* Friend.swift */ = {isa = PBXFileReference; lastKnownFileType = sourcecode.swift; path = Friend.swift; sourceTree = "<group>"; };
		306637C12A82BF42006D13CA /* UserListViewModel.swift */ = {isa = PBXFileReference; lastKnownFileType = sourcecode.swift; path = UserListViewModel.swift; sourceTree = "<group>"; };
		306637C32A82C73B006D13CA /* DetailView.swift */ = {isa = PBXFileReference; lastKnownFileType = sourcecode.swift; path = DetailView.swift; sourceTree = "<group>"; };
		306637C52A83B47C006D13CA /* PersistenceController.swift */ = {isa = PBXFileReference; lastKnownFileType = sourcecode.swift; path = PersistenceController.swift; sourceTree = "<group>"; };
		306637C82A83BE29006D13CA /* FriendsModel.xcdatamodel */ = {isa = PBXFileReference; lastKnownFileType = wrapper.xcdatamodel; path = FriendsModel.xcdatamodel; sourceTree = "<group>"; };
		306637D22A83C11F006D13CA /* FriendCached+CoreDataClass.swift */ = {isa = PBXFileReference; lastKnownFileType = sourcecode.swift; name = "FriendCached+CoreDataClass.swift"; path = "Friends/FriendCached+CoreDataClass.swift"; sourceTree = "<group>"; };
		306637D32A83C11F006D13CA /* FriendCached+CoreDataProperties.swift */ = {isa = PBXFileReference; lastKnownFileType = sourcecode.swift; name = "FriendCached+CoreDataProperties.swift"; path = "Friends/FriendCached+CoreDataProperties.swift"; sourceTree = "<group>"; };
		306637D42A83C11F006D13CA /* UserCached+CoreDataClass.swift */ = {isa = PBXFileReference; lastKnownFileType = sourcecode.swift; name = "UserCached+CoreDataClass.swift"; path = "Friends/UserCached+CoreDataClass.swift"; sourceTree = "<group>"; };
		306637D52A83C11F006D13CA /* UserCached+CoreDataProperties.swift */ = {isa = PBXFileReference; lastKnownFileType = sourcecode.swift; name = "UserCached+CoreDataProperties.swift"; path = "Friends/UserCached+CoreDataProperties.swift"; sourceTree = "<group>"; };
		306637DA2A83D27C006D13CA /* DatabaseManager.swift */ = {isa = PBXFileReference; lastKnownFileType = sourcecode.swift; path = DatabaseManager.swift; sourceTree = "<group>"; };
/* End PBXFileReference section */

/* Begin PBXFrameworksBuildPhase section */
		306637A92A82BD48006D13CA /* Frameworks */ = {
			isa = PBXFrameworksBuildPhase;
			buildActionMask = 2147483647;
			files = (
			);
			runOnlyForDeploymentPostprocessing = 0;
		};
/* End PBXFrameworksBuildPhase section */

/* Begin PBXGroup section */
		306637A32A82BD48006D13CA = {
			isa = PBXGroup;
			children = (
				306637D22A83C11F006D13CA /* FriendCached+CoreDataClass.swift */,
				306637D32A83C11F006D13CA /* FriendCached+CoreDataProperties.swift */,
				306637D42A83C11F006D13CA /* UserCached+CoreDataClass.swift */,
				306637D52A83C11F006D13CA /* UserCached+CoreDataProperties.swift */,
				306637AE2A82BD48006D13CA /* Friends */,
				306637AD2A82BD48006D13CA /* Products */,
			);
			sourceTree = "<group>";
		};
		306637AD2A82BD48006D13CA /* Products */ = {
			isa = PBXGroup;
			children = (
				306637AC2A82BD48006D13CA /* Friends.app */,
			);
			name = Products;
			sourceTree = "<group>";
		};
		306637AE2A82BD48006D13CA /* Friends */ = {
			isa = PBXGroup;
			children = (
				306637AF2A82BD48006D13CA /* FriendsApp.swift */,
				306637B12A82BD48006D13CA /* UsersListView.swift */,
				306637C32A82C73B006D13CA /* DetailView.swift */,
				306637C52A83B47C006D13CA /* PersistenceController.swift */,
				306637DA2A83D27C006D13CA /* DatabaseManager.swift */,
				306637C72A83BE29006D13CA /* FriendsModel.xcdatamodeld */,
				306637C12A82BF42006D13CA /* UserListViewModel.swift */,
				306637BD2A82BD7E006D13CA /* User.swift */,
				306637BF2A82BE7A006D13CA /* Friend.swift */,
				306637B32A82BD4A006D13CA /* Assets.xcassets */,
				306637B52A82BD4A006D13CA /* Preview Content */,
			);
			path = Friends;
			sourceTree = "<group>";
		};
		306637B52A82BD4A006D13CA /* Preview Content */ = {
			isa = PBXGroup;
			children = (
				306637B62A82BD4A006D13CA /* Preview Assets.xcassets */,
			);
			path = "Preview Content";
			sourceTree = "<group>";
		};
/* End PBXGroup section */

/* Begin PBXNativeTarget section */
		306637AB2A82BD48006D13CA /* Friends */ = {
			isa = PBXNativeTarget;
			buildConfigurationList = 306637BA2A82BD4A006D13CA /* Build configuration list for PBXNativeTarget "Friends" */;
			buildPhases = (
				306637A82A82BD48006D13CA /* Sources */,
				306637A92A82BD48006D13CA /* Frameworks */,
				306637AA2A82BD48006D13CA /* Resources */,
			);
			buildRules = (
			);
			dependencies = (
			);
			name = Friends;
			productName = Friends;
			productReference = 306637AC2A82BD48006D13CA /* Friends.app */;
			productType = "com.apple.product-type.application";
		};
/* End PBXNativeTarget section */

/* Begin PBXProject section */
		306637A42A82BD48006D13CA /* Project object */ = {
			isa = PBXProject;
			attributes = {
				BuildIndependentTargetsInParallel = 1;
				LastSwiftUpdateCheck = 1430;
				LastUpgradeCheck = 1430;
				TargetAttributes = {
					306637AB2A82BD48006D13CA = {
						CreatedOnToolsVersion = 14.3.1;
					};
				};
			};
			buildConfigurationList = 306637A72A82BD48006D13CA /* Build configuration list for PBXProject "Friends" */;
			compatibilityVersion = "Xcode 14.0";
			developmentRegion = en;
			hasScannedForEncodings = 0;
			knownRegions = (
				en,
				Base,
			);
			mainGroup = 306637A32A82BD48006D13CA;
			productRefGroup = 306637AD2A82BD48006D13CA /* Products */;
			projectDirPath = "";
			projectRoot = "";
			targets = (
				306637AB2A82BD48006D13CA /* Friends */,
			);
		};
/* End PBXProject section */

/* Begin PBXResourcesBuildPhase section */
		306637AA2A82BD48006D13CA /* Resources */ = {
			isa = PBXResourcesBuildPhase;
			buildActionMask = 2147483647;
			files = (
				306637B72A82BD4A006D13CA /* Preview Assets.xcassets in Resources */,
				306637B42A82BD4A006D13CA /* Assets.xcassets in Resources */,
			);
			runOnlyForDeploymentPostprocessing = 0;
		};
/* End PBXResourcesBuildPhase section */

/* Begin PBXSourcesBuildPhase section */
		306637A82A82BD48006D13CA /* Sources */ = {
			isa = PBXSourcesBuildPhase;
			buildActionMask = 2147483647;
			files = (
				306637D92A83C11F006D13CA /* UserCached+CoreDataProperties.swift in Sources */,
				306637C62A83B47C006D13CA /* PersistenceController.swift in Sources */,
				306637DB2A83D27C006D13CA /* DatabaseManager.swift in Sources */,
				306637D72A83C11F006D13CA /* FriendCached+CoreDataProperties.swift in Sources */,
				306637B22A82BD48006D13CA /* UsersListView.swift in Sources */,
				306637D82A83C11F006D13CA /* UserCached+CoreDataClass.swift in Sources */,
				306637C42A82C73B006D13CA /* DetailView.swift in Sources */,
				306637B02A82BD48006D13CA /* FriendsApp.swift in Sources */,
				306637D62A83C11F006D13CA /* FriendCached+CoreDataClass.swift in Sources */,
				306637BE2A82BD7E006D13CA /* User.swift in Sources */,
				306637C92A83BE29006D13CA /* FriendsModel.xcdatamodeld in Sources */,
				306637C22A82BF42006D13CA /* UserListViewModel.swift in Sources */,
				306637C02A82BE7A006D13CA /* Friend.swift in Sources */,
			);
			runOnlyForDeploymentPostprocessing = 0;
		};
/* End PBXSourcesBuildPhase section */

/* Begin XCBuildConfiguration section */
		306637B82A82BD4A006D13CA /* Debug */ = {
			isa = XCBuildConfiguration;
			buildSettings = {
				ALWAYS_SEARCH_USER_PATHS = NO;
				CLANG_ANALYZER_NONNULL = YES;
				CLANG_ANALYZER_NUMBER_OBJECT_CONVERSION = YES_AGGRESSIVE;
				CLANG_CXX_LANGUAGE_STANDARD = "gnu++20";
				CLANG_ENABLE_MODULES = YES;
				CLANG_ENABLE_OBJC_ARC = YES;
				CLANG_ENABLE_OBJC_WEAK = YES;
				CLANG_WARN_BLOCK_CAPTURE_AUTORELEASING = YES;
				CLANG_WARN_BOOL_CONVERSION = YES;
				CLANG_WARN_COMMA = YES;
				CLANG_WARN_CONSTANT_CONVERSION = YES;
				CLANG_WARN_DEPRECATED_OBJC_IMPLEMENTATIONS = YES;
				CLANG_WARN_DIRECT_OBJC_ISA_USAGE = YES_ERROR;
				CLANG_WARN_DOCUMENTATION_COMMENTS = YES;
				CLANG_WARN_EMPTY_BODY = YES;
				CLANG_WARN_ENUM_CONVERSION = YES;
				CLANG_WARN_INFINITE_RECURSION = YES;
				CLANG_WARN_INT_CONVERSION = YES;
				CLANG_WARN_NON_LITERAL_NULL_CONVERSION = YES;
				CLANG_WARN_OBJC_IMPLICIT_RETAIN_SELF = YES;
				CLANG_WARN_OBJC_LITERAL_CONVERSION = YES;
				CLANG_WARN_OBJC_ROOT_CLASS = YES_ERROR;
				CLANG_WARN_QUOTED_INCLUDE_IN_FRAMEWORK_HEADER = YES;
				CLANG_WARN_RANGE_LOOP_ANALYSIS = YES;
				CLANG_WARN_STRICT_PROTOTYPES = YES;
				CLANG_WARN_SUSPICIOUS_MOVE = YES;
				CLANG_WARN_UNGUARDED_AVAILABILITY = YES_AGGRESSIVE;
				CLANG_WARN_UNREACHABLE_CODE = YES;
				CLANG_WARN__DUPLICATE_METHOD_MATCH = YES;
				COPY_PHASE_STRIP = NO;
				DEBUG_INFORMATION_FORMAT = dwarf;
				ENABLE_STRICT_OBJC_MSGSEND = YES;
				ENABLE_TESTABILITY = YES;
				GCC_C_LANGUAGE_STANDARD = gnu11;
				GCC_DYNAMIC_NO_PIC = NO;
				GCC_NO_COMMON_BLOCKS = YES;
				GCC_OPTIMIZATION_LEVEL = 0;
				GCC_PREPROCESSOR_DEFINITIONS = (
					"DEBUG=1",
					"$(inherited)",
				);
				GCC_WARN_64_TO_32_BIT_CONVERSION = YES;
				GCC_WARN_ABOUT_RETURN_TYPE = YES_ERROR;
				GCC_WARN_UNDECLARED_SELECTOR = YES;
				GCC_WARN_UNINITIALIZED_AUTOS = YES_AGGRESSIVE;
				GCC_WARN_UNUSED_FUNCTION = YES;
				GCC_WARN_UNUSED_VARIABLE = YES;
				IPHONEOS_DEPLOYMENT_TARGET = 16.4;
				MTL_ENABLE_DEBUG_INFO = INCLUDE_SOURCE;
				MTL_FAST_MATH = YES;
				ONLY_ACTIVE_ARCH = YES;
				SDKROOT = iphoneos;
				SWIFT_ACTIVE_COMPILATION_CONDITIONS = DEBUG;
				SWIFT_OPTIMIZATION_LEVEL = "-Onone";
			};
			name = Debug;
		};
		306637B92A82BD4A006D13CA /* Release */ = {
			isa = XCBuildConfiguration;
			buildSettings = {
				ALWAYS_SEARCH_USER_PATHS = NO;
				CLANG_ANALYZER_NONNULL = YES;
				CLANG_ANALYZER_NUMBER_OBJECT_CONVERSION = YES_AGGRESSIVE;
				CLANG_CXX_LANGUAGE_STANDARD = "gnu++20";
				CLANG_ENABLE_MODULES = YES;
				CLANG_ENABLE_OBJC_ARC = YES;
				CLANG_ENABLE_OBJC_WEAK = YES;
				CLANG_WARN_BLOCK_CAPTURE_AUTORELEASING = YES;
				CLANG_WARN_BOOL_CONVERSION = YES;
				CLANG_WARN_COMMA = YES;
				CLANG_WARN_CONSTANT_CONVERSION = YES;
				CLANG_WARN_DEPRECATED_OBJC_IMPLEMENTATIONS = YES;
				CLANG_WARN_DIRECT_OBJC_ISA_USAGE = YES_ERROR;
				CLANG_WARN_DOCUMENTATION_COMMENTS = YES;
				CLANG_WARN_EMPTY_BODY = YES;
				CLANG_WARN_ENUM_CONVERSION = YES;
				CLANG_WARN_INFINITE_RECURSION = YES;
				CLANG_WARN_INT_CONVERSION = YES;
				CLANG_WARN_NON_LITERAL_NULL_CONVERSION = YES;
				CLANG_WARN_OBJC_IMPLICIT_RETAIN_SELF = YES;
				CLANG_WARN_OBJC_LITERAL_CONVERSION = YES;
				CLANG_WARN_OBJC_ROOT_CLASS = YES_ERROR;
				CLANG_WARN_QUOTED_INCLUDE_IN_FRAMEWORK_HEADER = YES;
				CLANG_WARN_RANGE_LOOP_ANALYSIS = YES;
				CLANG_WARN_STRICT_PROTOTYPES = YES;
				CLANG_WARN_SUSPICIOUS_MOVE = YES;
				CLANG_WARN_UNGUARDED_AVAILABILITY = YES_AGGRESSIVE;
				CLANG_WARN_UNREACHABLE_CODE = YES;
				CLANG_WARN__DUPLICATE_METHOD_MATCH = YES;
				COPY_PHASE_STRIP = NO;
				DEBUG_INFORMATION_FORMAT = "dwarf-with-dsym";
				ENABLE_NS_ASSERTIONS = NO;
				ENABLE_STRICT_OBJC_MSGSEND = YES;
				GCC_C_LANGUAGE_STANDARD = gnu11;
				GCC_NO_COMMON_BLOCKS = YES;
				GCC_WARN_64_TO_32_BIT_CONVERSION = YES;
				GCC_WARN_ABOUT_RETURN_TYPE = YES_ERROR;
				GCC_WARN_UNDECLARED_SELECTOR = YES;
				GCC_WARN_UNINITIALIZED_AUTOS = YES_AGGRESSIVE;
				GCC_WARN_UNUSED_FUNCTION = YES;
				GCC_WARN_UNUSED_VARIABLE = YES;
				IPHONEOS_DEPLOYMENT_TARGET = 16.4;
				MTL_ENABLE_DEBUG_INFO = NO;
				MTL_FAST_MATH = YES;
				SDKROOT = iphoneos;
				SWIFT_COMPILATION_MODE = wholemodule;
				SWIFT_OPTIMIZATION_LEVEL = "-O";
				VALIDATE_PRODUCT = YES;
			};
			name = Release;
		};
		306637BB2A82BD4A006D13CA /* Debug */ = {
			isa = XCBuildConfiguration;
			buildSettings = {
				ASSETCATALOG_COMPILER_APPICON_NAME = AppIcon;
				ASSETCATALOG_COMPILER_GLOBAL_ACCENT_COLOR_NAME = AccentColor;
				CODE_SIGN_STYLE = Automatic;
				CURRENT_PROJECT_VERSION = 1;
				DEVELOPMENT_ASSET_PATHS = "\"Friends/Preview Content\"";
				DEVELOPMENT_TEAM = RNQNWA79SV;
				ENABLE_PREVIEWS = YES;
				GENERATE_INFOPLIST_FILE = YES;
				INFOPLIST_KEY_UIApplicationSceneManifest_Generation = YES;
				INFOPLIST_KEY_UIApplicationSupportsIndirectInputEvents = YES;
				INFOPLIST_KEY_UILaunchScreen_Generation = YES;
				INFOPLIST_KEY_UISupportedInterfaceOrientations_iPad = "UIInterfaceOrientationPortrait UIInterfaceOrientationPortraitUpsideDown UIInterfaceOrientationLandscapeLeft UIInterfaceOrientationLandscapeRight";
				INFOPLIST_KEY_UISupportedInterfaceOrientations_iPhone = "UIInterfaceOrientationPortrait UIInterfaceOrientationLandscapeLeft UIInterfaceOrientationLandscapeRight";
				LD_RUNPATH_SEARCH_PATHS = (
					"$(inherited)",
					"@executable_path/Frameworks",
				);
				MARKETING_VERSION = 1.0;
				PRODUCT_BUNDLE_IDENTIFIER = com.anastasia.lenina.Friends;
				PRODUCT_NAME = "$(TARGET_NAME)";
				SWIFT_EMIT_LOC_STRINGS = YES;
				SWIFT_VERSION = 5.0;
				TARGETED_DEVICE_FAMILY = "1,2";
			};
			name = Debug;
		};
		306637BC2A82BD4A006D13CA /* Release */ = {
			isa = XCBuildConfiguration;
			buildSettings = {
				ASSETCATALOG_COMPILER_APPICON_NAME = AppIcon;
				ASSETCATALOG_COMPILER_GLOBAL_ACCENT_COLOR_NAME = AccentColor;
				CODE_SIGN_STYLE = Automatic;
				CURRENT_PROJECT_VERSION = 1;
				DEVELOPMENT_ASSET_PATHS = "\"Friends/Preview Content\"";
				DEVELOPMENT_TEAM = RNQNWA79SV;
				ENABLE_PREVIEWS = YES;
				GENERATE_INFOPLIST_FILE = YES;
				INFOPLIST_KEY_UIApplicationSceneManifest_Generation = YES;
				INFOPLIST_KEY_UIApplicationSupportsIndirectInputEvents = YES;
				INFOPLIST_KEY_UILaunchScreen_Generation = YES;
				INFOPLIST_KEY_UISupportedInterfaceOrientations_iPad = "UIInterfaceOrientationPortrait UIInterfaceOrientationPortraitUpsideDown UIInterfaceOrientationLandscapeLeft UIInterfaceOrientationLandscapeRight";
				INFOPLIST_KEY_UISupportedInterfaceOrientations_iPhone = "UIInterfaceOrientationPortrait UIInterfaceOrientationLandscapeLeft UIInterfaceOrientationLandscapeRight";
				LD_RUNPATH_SEARCH_PATHS = (
					"$(inherited)",
					"@executable_path/Frameworks",
				);
				MARKETING_VERSION = 1.0;
				PRODUCT_BUNDLE_IDENTIFIER = com.anastasia.lenina.Friends;
				PRODUCT_NAME = "$(TARGET_NAME)";
				SWIFT_EMIT_LOC_STRINGS = YES;
				SWIFT_VERSION = 5.0;
				TARGETED_DEVICE_FAMILY = "1,2";
			};
			name = Release;
		};
/* End XCBuildConfiguration section */

/* Begin XCConfigurationList section */
		306637A72A82BD48006D13CA /* Build configuration list for PBXProject "Friends" */ = {
			isa = XCConfigurationList;
			buildConfigurations = (
				306637B82A82BD4A006D13CA /* Debug */,
				306637B92A82BD4A006D13CA /* Release */,
			);
			defaultConfigurationIsVisible = 0;
			defaultConfigurationName = Release;
		};
		306637BA2A82BD4A006D13CA /* Build configuration list for PBXNativeTarget "Friends" */ = {
			isa = XCConfigurationList;
			buildConfigurations = (
				306637BB2A82BD4A006D13CA /* Debug */,
				306637BC2A82BD4A006D13CA /* Release */,
			);
			defaultConfigurationIsVisible = 0;
			defaultConfigurationName = Release;
		};
/* End XCConfigurationList section */

/* Begin XCVersionGroup section */
		306637C72A83BE29006D13CA /* FriendsModel.xcdatamodeld */ = {
			isa = XCVersionGroup;
			children = (
				306637C82A83BE29006D13CA /* FriendsModel.xcdatamodel */,
			);
			currentVersion = 306637C82A83BE29006D13CA /* FriendsModel.xcdatamodel */;
			path = FriendsModel.xcdatamodeld;
			sourceTree = "<group>";
			versionGroupType = wrapper.xcdatamodel;
		};
/* End XCVersionGroup section */
	};
	rootObject = 306637A42A82BD48006D13CA /* Project object */;
}
