// !$*UTF8*$!
{
	archiveVersion = 1;
	classes = {
	};
	objectVersion = 56;
	objects = {

/* Begin PBXBuildFile section */
		30BC9A9D2AA4D490006663E4 /* MeetMateApp.swift in Sources */ = {isa = PBXBuildFile; fileRef = 30BC9A9C2AA4D490006663E4 /* MeetMateApp.swift */; };
		30BC9A9F2AA4D490006663E4 /* PersonsListView.swift in Sources */ = {isa = PBXBuildFile; fileRef = 30BC9A9E2AA4D490006663E4 /* PersonsListView.swift */; };
		30BC9AA12AA4D492006663E4 /* Assets.xcassets in Resources */ = {isa = PBXBuildFile; fileRef = 30BC9AA02AA4D492006663E4 /* Assets.xcassets */; };
		30BC9AA42AA4D492006663E4 /* Preview Assets.xcassets in Resources */ = {isa = PBXBuildFile; fileRef = 30BC9AA32AA4D492006663E4 /* Preview Assets.xcassets */; };
		30BC9AAB2AA4D813006663E4 /* FileManager.swift in Sources */ = {isa = PBXBuildFile; fileRef = 30BC9AAA2AA4D813006663E4 /* FileManager.swift */; };
		30BC9AAD2AA4DA3F006663E4 /* AddPersonView.swift in Sources */ = {isa = PBXBuildFile; fileRef = 30BC9AAC2AA4DA3E006663E4 /* AddPersonView.swift */; };
		30BC9AAF2AA4F466006663E4 /* PersonDetailView.swift in Sources */ = {isa = PBXBuildFile; fileRef = 30BC9AAE2AA4F466006663E4 /* PersonDetailView.swift */; };
		30BC9AB12AA4F8F7006663E4 /* Person.swift in Sources */ = {isa = PBXBuildFile; fileRef = 30BC9AB02AA4F8F7006663E4 /* Person.swift */; };
		30BC9AB32AA628E0006663E4 /* ImagePicker.swift in Sources */ = {isa = PBXBuildFile; fileRef = 30BC9AB22AA628E0006663E4 /* ImagePicker.swift */; };
		30BC9AB52AA63BD8006663E4 /* Location.swift in Sources */ = {isa = PBXBuildFile; fileRef = 30BC9AB42AA63BD8006663E4 /* Location.swift */; };
/* End PBXBuildFile section */

/* Begin PBXFileReference section */
		30BC9A992AA4D490006663E4 /* MeetMate.app */ = {isa = PBXFileReference; explicitFileType = wrapper.application; includeInIndex = 0; path = MeetMate.app; sourceTree = BUILT_PRODUCTS_DIR; };
		30BC9A9C2AA4D490006663E4 /* MeetMateApp.swift */ = {isa = PBXFileReference; lastKnownFileType = sourcecode.swift; path = MeetMateApp.swift; sourceTree = "<group>"; };
		30BC9A9E2AA4D490006663E4 /* PersonsListView.swift */ = {isa = PBXFileReference; lastKnownFileType = sourcecode.swift; path = PersonsListView.swift; sourceTree = "<group>"; };
		30BC9AA02AA4D492006663E4 /* Assets.xcassets */ = {isa = PBXFileReference; lastKnownFileType = folder.assetcatalog; path = Assets.xcassets; sourceTree = "<group>"; };
		30BC9AA32AA4D492006663E4 /* Preview Assets.xcassets */ = {isa = PBXFileReference; lastKnownFileType = folder.assetcatalog; path = "Preview Assets.xcassets"; sourceTree = "<group>"; };
		30BC9AAA2AA4D813006663E4 /* FileManager.swift */ = {isa = PBXFileReference; lastKnownFileType = sourcecode.swift; path = FileManager.swift; sourceTree = "<group>"; };
		30BC9AAC2AA4DA3E006663E4 /* AddPersonView.swift */ = {isa = PBXFileReference; lastKnownFileType = sourcecode.swift; path = AddPersonView.swift; sourceTree = "<group>"; };
		30BC9AAE2AA4F466006663E4 /* PersonDetailView.swift */ = {isa = PBXFileReference; lastKnownFileType = sourcecode.swift; path = PersonDetailView.swift; sourceTree = "<group>"; };
		30BC9AB02AA4F8F7006663E4 /* Person.swift */ = {isa = PBXFileReference; lastKnownFileType = sourcecode.swift; path = Person.swift; sourceTree = "<group>"; };
		30BC9AB22AA628E0006663E4 /* ImagePicker.swift */ = {isa = PBXFileReference; lastKnownFileType = sourcecode.swift; path = ImagePicker.swift; sourceTree = "<group>"; };
		30BC9AB42AA63BD8006663E4 /* Location.swift */ = {isa = PBXFileReference; lastKnownFileType = sourcecode.swift; path = Location.swift; sourceTree = "<group>"; };
/* End PBXFileReference section */

/* Begin PBXFrameworksBuildPhase section */
		30BC9A962AA4D490006663E4 /* Frameworks */ = {
			isa = PBXFrameworksBuildPhase;
			buildActionMask = 2147483647;
			files = (
			);
			runOnlyForDeploymentPostprocessing = 0;
		};
/* End PBXFrameworksBuildPhase section */

/* Begin PBXGroup section */
		30BC9A902AA4D490006663E4 = {
			isa = PBXGroup;
			children = (
				30BC9A9B2AA4D490006663E4 /* MeetMate */,
				30BC9A9A2AA4D490006663E4 /* Products */,
			);
			sourceTree = "<group>";
		};
		30BC9A9A2AA4D490006663E4 /* Products */ = {
			isa = PBXGroup;
			children = (
				30BC9A992AA4D490006663E4 /* MeetMate.app */,
			);
			name = Products;
			sourceTree = "<group>";
		};
		30BC9A9B2AA4D490006663E4 /* MeetMate */ = {
			isa = PBXGroup;
			children = (
				30BC9A9C2AA4D490006663E4 /* MeetMateApp.swift */,
				30BC9A9E2AA4D490006663E4 /* PersonsListView.swift */,
				30BC9AB42AA63BD8006663E4 /* Location.swift */,
				30BC9AB22AA628E0006663E4 /* ImagePicker.swift */,
				30BC9AB02AA4F8F7006663E4 /* Person.swift */,
				30BC9AAC2AA4DA3E006663E4 /* AddPersonView.swift */,
				30BC9AAE2AA4F466006663E4 /* PersonDetailView.swift */,
				30BC9AAA2AA4D813006663E4 /* FileManager.swift */,
				30BC9AA02AA4D492006663E4 /* Assets.xcassets */,
				30BC9AA22AA4D492006663E4 /* Preview Content */,
			);
			path = MeetMate;
			sourceTree = "<group>";
		};
		30BC9AA22AA4D492006663E4 /* Preview Content */ = {
			isa = PBXGroup;
			children = (
				30BC9AA32AA4D492006663E4 /* Preview Assets.xcassets */,
			);
			path = "Preview Content";
			sourceTree = "<group>";
		};
/* End PBXGroup section */

/* Begin PBXNativeTarget section */
		30BC9A982AA4D490006663E4 /* MeetMate */ = {
			isa = PBXNativeTarget;
			buildConfigurationList = 30BC9AA72AA4D492006663E4 /* Build configuration list for PBXNativeTarget "MeetMate" */;
			buildPhases = (
				30BC9A952AA4D490006663E4 /* Sources */,
				30BC9A962AA4D490006663E4 /* Frameworks */,
				30BC9A972AA4D490006663E4 /* Resources */,
			);
			buildRules = (
			);
			dependencies = (
			);
			name = MeetMate;
			productName = NameSaver;
			productReference = 30BC9A992AA4D490006663E4 /* MeetMate.app */;
			productType = "com.apple.product-type.application";
		};
/* End PBXNativeTarget section */

/* Begin PBXProject section */
		30BC9A912AA4D490006663E4 /* Project object */ = {
			isa = PBXProject;
			attributes = {
				BuildIndependentTargetsInParallel = 1;
				LastSwiftUpdateCheck = 1430;
				LastUpgradeCheck = 1430;
				TargetAttributes = {
					30BC9A982AA4D490006663E4 = {
						CreatedOnToolsVersion = 14.3.1;
					};
				};
			};
			buildConfigurationList = 30BC9A942AA4D490006663E4 /* Build configuration list for PBXProject "MeetMate" */;
			compatibilityVersion = "Xcode 14.0";
			developmentRegion = en;
			hasScannedForEncodings = 0;
			knownRegions = (
				en,
				Base,
			);
			mainGroup = 30BC9A902AA4D490006663E4;
			productRefGroup = 30BC9A9A2AA4D490006663E4 /* Products */;
			projectDirPath = "";
			projectRoot = "";
			targets = (
				30BC9A982AA4D490006663E4 /* MeetMate */,
			);
		};
/* End PBXProject section */

/* Begin PBXResourcesBuildPhase section */
		30BC9A972AA4D490006663E4 /* Resources */ = {
			isa = PBXResourcesBuildPhase;
			buildActionMask = 2147483647;
			files = (
				30BC9AA42AA4D492006663E4 /* Preview Assets.xcassets in Resources */,
				30BC9AA12AA4D492006663E4 /* Assets.xcassets in Resources */,
			);
			runOnlyForDeploymentPostprocessing = 0;
		};
/* End PBXResourcesBuildPhase section */

/* Begin PBXSourcesBuildPhase section */
		30BC9A952AA4D490006663E4 /* Sources */ = {
			isa = PBXSourcesBuildPhase;
			buildActionMask = 2147483647;
			files = (
				30BC9AB12AA4F8F7006663E4 /* Person.swift in Sources */,
				30BC9AAB2AA4D813006663E4 /* FileManager.swift in Sources */,
				30BC9AB52AA63BD8006663E4 /* Location.swift in Sources */,
				30BC9A9F2AA4D490006663E4 /* PersonsListView.swift in Sources */,
				30BC9AB32AA628E0006663E4 /* ImagePicker.swift in Sources */,
				30BC9AAF2AA4F466006663E4 /* PersonDetailView.swift in Sources */,
				30BC9AAD2AA4DA3F006663E4 /* AddPersonView.swift in Sources */,
				30BC9A9D2AA4D490006663E4 /* MeetMateApp.swift in Sources */,
			);
			runOnlyForDeploymentPostprocessing = 0;
		};
/* End PBXSourcesBuildPhase section */

/* Begin XCBuildConfiguration section */
		30BC9AA52AA4D492006663E4 /* Debug */ = {
			isa = XCBuildConfiguration;
			buildSettings = {
				ALWAYS_SEARCH_USER_PATHS = NO;
				CLANG_ANALYZER_NONNULL = YES;
				CLANG_ANALYZER_NUMBER_OBJECT_CONVERSION = YES_AGGRESSIVE;
				CLANG_CXX_LANGUAGE_STANDARD = "gnu++20";
				CLANG_ENABLE_MODULES = YES;
				CLANG_ENABLE_OBJC_ARC = YES;
				CLANG_ENABLE_OBJC_WEAK = YES;
				CLANG_WARN_BLOCK_CAPTURE_AUTORELEASING = YES;
				CLANG_WARN_BOOL_CONVERSION = YES;
				CLANG_WARN_COMMA = YES;
				CLANG_WARN_CONSTANT_CONVERSION = YES;
				CLANG_WARN_DEPRECATED_OBJC_IMPLEMENTATIONS = YES;
				CLANG_WARN_DIRECT_OBJC_ISA_USAGE = YES_ERROR;
				CLANG_WARN_DOCUMENTATION_COMMENTS = YES;
				CLANG_WARN_EMPTY_BODY = YES;
				CLANG_WARN_ENUM_CONVERSION = YES;
				CLANG_WARN_INFINITE_RECURSION = YES;
				CLANG_WARN_INT_CONVERSION = YES;
				CLANG_WARN_NON_LITERAL_NULL_CONVERSION = YES;
				CLANG_WARN_OBJC_IMPLICIT_RETAIN_SELF = YES;
				CLANG_WARN_OBJC_LITERAL_CONVERSION = YES;
				CLANG_WARN_OBJC_ROOT_CLASS = YES_ERROR;
				CLANG_WARN_QUOTED_INCLUDE_IN_FRAMEWORK_HEADER = YES;
				CLANG_WARN_RANGE_LOOP_ANALYSIS = YES;
				CLANG_WARN_STRICT_PROTOTYPES = YES;
				CLANG_WARN_SUSPICIOUS_MOVE = YES;
				CLANG_WARN_UNGUARDED_AVAILABILITY = YES_AGGRESSIVE;
				CLANG_WARN_UNREACHABLE_CODE = YES;
				CLANG_WARN__DUPLICATE_METHOD_MATCH = YES;
				COPY_PHASE_STRIP = NO;
				DEBUG_INFORMATION_FORMAT = dwarf;
				ENABLE_STRICT_OBJC_MSGSEND = YES;
				ENABLE_TESTABILITY = YES;
				GCC_C_LANGUAGE_STANDARD = gnu11;
				GCC_DYNAMIC_NO_PIC = NO;
				GCC_NO_COMMON_BLOCKS = YES;
				GCC_OPTIMIZATION_LEVEL = 0;
				GCC_PREPROCESSOR_DEFINITIONS = (
					"DEBUG=1",
					"$(inherited)",
				);
				GCC_WARN_64_TO_32_BIT_CONVERSION = YES;
				GCC_WARN_ABOUT_RETURN_TYPE = YES_ERROR;
				GCC_WARN_UNDECLARED_SELECTOR = YES;
				GCC_WARN_UNINITIALIZED_AUTOS = YES_AGGRESSIVE;
				GCC_WARN_UNUSED_FUNCTION = YES;
				GCC_WARN_UNUSED_VARIABLE = YES;
				IPHONEOS_DEPLOYMENT_TARGET = 16.4;
				MTL_ENABLE_DEBUG_INFO = INCLUDE_SOURCE;
				MTL_FAST_MATH = YES;
				ONLY_ACTIVE_ARCH = YES;
				SDKROOT = iphoneos;
				SWIFT_ACTIVE_COMPILATION_CONDITIONS = DEBUG;
				SWIFT_OPTIMIZATION_LEVEL = "-Onone";
			};
			name = Debug;
		};
		30BC9AA62AA4D492006663E4 /* Release */ = {
			isa = XCBuildConfiguration;
			buildSettings = {
				ALWAYS_SEARCH_USER_PATHS = NO;
				CLANG_ANALYZER_NONNULL = YES;
				CLANG_ANALYZER_NUMBER_OBJECT_CONVERSION = YES_AGGRESSIVE;
				CLANG_CXX_LANGUAGE_STANDARD = "gnu++20";
				CLANG_ENABLE_MODULES = YES;
				CLANG_ENABLE_OBJC_ARC = YES;
				CLANG_ENABLE_OBJC_WEAK = YES;
				CLANG_WARN_BLOCK_CAPTURE_AUTORELEASING = YES;
				CLANG_WARN_BOOL_CONVERSION = YES;
				CLANG_WARN_COMMA = YES;
				CLANG_WARN_CONSTANT_CONVERSION = YES;
				CLANG_WARN_DEPRECATED_OBJC_IMPLEMENTATIONS = YES;
				CLANG_WARN_DIRECT_OBJC_ISA_USAGE = YES_ERROR;
				CLANG_WARN_DOCUMENTATION_COMMENTS = YES;
				CLANG_WARN_EMPTY_BODY = YES;
				CLANG_WARN_ENUM_CONVERSION = YES;
				CLANG_WARN_INFINITE_RECURSION = YES;
				CLANG_WARN_INT_CONVERSION = YES;
				CLANG_WARN_NON_LITERAL_NULL_CONVERSION = YES;
				CLANG_WARN_OBJC_IMPLICIT_RETAIN_SELF = YES;
				CLANG_WARN_OBJC_LITERAL_CONVERSION = YES;
				CLANG_WARN_OBJC_ROOT_CLASS = YES_ERROR;
				CLANG_WARN_QUOTED_INCLUDE_IN_FRAMEWORK_HEADER = YES;
				CLANG_WARN_RANGE_LOOP_ANALYSIS = YES;
				CLANG_WARN_STRICT_PROTOTYPES = YES;
				CLANG_WARN_SUSPICIOUS_MOVE = YES;
				CLANG_WARN_UNGUARDED_AVAILABILITY = YES_AGGRESSIVE;
				CLANG_WARN_UNREACHABLE_CODE = YES;
				CLANG_WARN__DUPLICATE_METHOD_MATCH = YES;
				COPY_PHASE_STRIP = NO;
				DEBUG_INFORMATION_FORMAT = "dwarf-with-dsym";
				ENABLE_NS_ASSERTIONS = NO;
				ENABLE_STRICT_OBJC_MSGSEND = YES;
				GCC_C_LANGUAGE_STANDARD = gnu11;
				GCC_NO_COMMON_BLOCKS = YES;
				GCC_WARN_64_TO_32_BIT_CONVERSION = YES;
				GCC_WARN_ABOUT_RETURN_TYPE = YES_ERROR;
				GCC_WARN_UNDECLARED_SELECTOR = YES;
				GCC_WARN_UNINITIALIZED_AUTOS = YES_AGGRESSIVE;
				GCC_WARN_UNUSED_FUNCTION = YES;
				GCC_WARN_UNUSED_VARIABLE = YES;
				IPHONEOS_DEPLOYMENT_TARGET = 16.4;
				MTL_ENABLE_DEBUG_INFO = NO;
				MTL_FAST_MATH = YES;
				SDKROOT = iphoneos;
				SWIFT_COMPILATION_MODE = wholemodule;
				SWIFT_OPTIMIZATION_LEVEL = "-O";
				VALIDATE_PRODUCT = YES;
			};
			name = Release;
		};
		30BC9AA82AA4D492006663E4 /* Debug */ = {
			isa = XCBuildConfiguration;
			buildSettings = {
				ASSETCATALOG_COMPILER_APPICON_NAME = AppIcon;
				ASSETCATALOG_COMPILER_GLOBAL_ACCENT_COLOR_NAME = AccentColor;
				CODE_SIGN_STYLE = Automatic;
				CURRENT_PROJECT_VERSION = 1;
				DEVELOPMENT_ASSET_PATHS = "\"MeetMate/Preview Content\"";
				DEVELOPMENT_TEAM = RNQNWA79SV;
				ENABLE_PREVIEWS = YES;
				GENERATE_INFOPLIST_FILE = YES;
				INFOPLIST_KEY_NSCameraUsageDescription = "We need to have an acces to your camera";
				INFOPLIST_KEY_NSLocationAlwaysAndWhenInUseUsageDescription = "we need your location";
				INFOPLIST_KEY_NSLocationUsageDescription = "we need your location";
				INFOPLIST_KEY_NSLocationWhenInUseUsageDescription = "we need your location";
				INFOPLIST_KEY_UIApplicationSceneManifest_Generation = YES;
				INFOPLIST_KEY_UIApplicationSupportsIndirectInputEvents = YES;
				INFOPLIST_KEY_UILaunchScreen_Generation = YES;
				INFOPLIST_KEY_UISupportedInterfaceOrientations_iPad = "UIInterfaceOrientationPortrait UIInterfaceOrientationPortraitUpsideDown UIInterfaceOrientationLandscapeLeft UIInterfaceOrientationLandscapeRight";
				INFOPLIST_KEY_UISupportedInterfaceOrientations_iPhone = "UIInterfaceOrientationPortrait UIInterfaceOrientationLandscapeLeft UIInterfaceOrientationLandscapeRight";
				LD_RUNPATH_SEARCH_PATHS = (
					"$(inherited)",
					"@executable_path/Frameworks",
				);
				MARKETING_VERSION = 1.0;
				PRODUCT_BUNDLE_IDENTIFIER = com.anastasia.lenina.NameSaver;
				PRODUCT_NAME = "$(TARGET_NAME)";
				SWIFT_EMIT_LOC_STRINGS = YES;
				SWIFT_VERSION = 5.0;
				TARGETED_DEVICE_FAMILY = "1,2";
			};
			name = Debug;
		};
		30BC9AA92AA4D492006663E4 /* Release */ = {
			isa = XCBuildConfiguration;
			buildSettings = {
				ASSETCATALOG_COMPILER_APPICON_NAME = AppIcon;
				ASSETCATALOG_COMPILER_GLOBAL_ACCENT_COLOR_NAME = AccentColor;
				CODE_SIGN_STYLE = Automatic;
				CURRENT_PROJECT_VERSION = 1;
				DEVELOPMENT_ASSET_PATHS = "\"MeetMate/Preview Content\"";
				DEVELOPMENT_TEAM = RNQNWA79SV;
				ENABLE_PREVIEWS = YES;
				GENERATE_INFOPLIST_FILE = YES;
				INFOPLIST_KEY_NSCameraUsageDescription = "We need to have an acces to your camera";
				INFOPLIST_KEY_NSLocationAlwaysAndWhenInUseUsageDescription = "we need your location";
				INFOPLIST_KEY_NSLocationUsageDescription = "we need your location";
				INFOPLIST_KEY_NSLocationWhenInUseUsageDescription = "we need your location";
				INFOPLIST_KEY_UIApplicationSceneManifest_Generation = YES;
				INFOPLIST_KEY_UIApplicationSupportsIndirectInputEvents = YES;
				INFOPLIST_KEY_UILaunchScreen_Generation = YES;
				INFOPLIST_KEY_UISupportedInterfaceOrientations_iPad = "UIInterfaceOrientationPortrait UIInterfaceOrientationPortraitUpsideDown UIInterfaceOrientationLandscapeLeft UIInterfaceOrientationLandscapeRight";
				INFOPLIST_KEY_UISupportedInterfaceOrientations_iPhone = "UIInterfaceOrientationPortrait UIInterfaceOrientationLandscapeLeft UIInterfaceOrientationLandscapeRight";
				LD_RUNPATH_SEARCH_PATHS = (
					"$(inherited)",
					"@executable_path/Frameworks",
				);
				MARKETING_VERSION = 1.0;
				PRODUCT_BUNDLE_IDENTIFIER = com.anastasia.lenina.NameSaver;
				PRODUCT_NAME = "$(TARGET_NAME)";
				SWIFT_EMIT_LOC_STRINGS = YES;
				SWIFT_VERSION = 5.0;
				TARGETED_DEVICE_FAMILY = "1,2";
			};
			name = Release;
		};
/* End XCBuildConfiguration section */

/* Begin XCConfigurationList section */
		30BC9A942AA4D490006663E4 /* Build configuration list for PBXProject "MeetMate" */ = {
			isa = XCConfigurationList;
			buildConfigurations = (
				30BC9AA52AA4D492006663E4 /* Debug */,
				30BC9AA62AA4D492006663E4 /* Release */,
			);
			defaultConfigurationIsVisible = 0;
			defaultConfigurationName = Release;
		};
		30BC9AA72AA4D492006663E4 /* Build configuration list for PBXNativeTarget "MeetMate" */ = {
			isa = XCConfigurationList;
			buildConfigurations = (
				30BC9AA82AA4D492006663E4 /* Debug */,
				30BC9AA92AA4D492006663E4 /* Release */,
			);
			defaultConfigurationIsVisible = 0;
			defaultConfigurationName = Release;
		};
/* End XCConfigurationList section */
	};
	rootObject = 30BC9A912AA4D490006663E4 /* Project object */;
}
